
Microsoft Visual Studio Solution File, Format Version 11.00
# Visual Studio 2010
Project("{8BC9CEB8-8B4A-11D0-8D11-00A0C91BC942}") = "graph_prog", "graph_prog\graph_prog.vcxproj", "{B29897B7-EABA-4C27-A15B-82A7F4E53F40}"
EndProject
Global
	GlobalSection(SolutionConfigurationPlatforms) = preSolution
		Debug|Win32 = Debug|Win32
		Release|Win32 = Release|Win32
	EndGlobalSection
	GlobalSection(ProjectConfigurationPlatforms) = postSolution
		{B29897B7-EABA-4C27-A15B-82A7F4E53F40}.Debug|Win32.ActiveCfg = Debug|Win32
		{B29897B7-EABA-4C27-A15B-82A7F4E53F40}.Debug|Win32.Build.0 = Debug|Win32
		{B29897B7-EABA-4C27-A15B-82A7F4E53F40}.Release|Win32.ActiveCfg = Release|Win32
		{B29897B7-EABA-4C27-A15B-82A7F4E53F40}.Release|Win32.Build.0 = Release|Win32
	EndGlobalSection
	GlobalSection(SolutionProperties) = preSolution
		HideSolutionNode = FALSE
	EndGlobalSection
EndGlobal
