<?xml version="1.0" encoding="utf-8"?>
<Project ToolsVersion="4.0" xmlns="http://schemas.microsoft.com/developer/msbuild/2003">
  <ItemGroup>
    <Filter Include="Source Files">
      <UniqueIdentifier>{4FC737F1-C7A5-4376-A066-2A32D752A2FF}</UniqueIdentifier>
      <Extensions>cpp;c;cc;cxx;def;odl;idl;hpj;bat;asm;asmx</Extensions>
    </Filter>
    <Filter Include="Header Files">
      <UniqueIdentifier>{93995380-89BD-4b04-88EB-625FBE52EBFB}</UniqueIdentifier>
      <Extensions>h;hpp;hxx;hm;inl;inc;xsd</Extensions>
    </Filter>
    <Filter Include="Resource Files">
      <UniqueIdentifier>{67DA6AB6-F800-4c08-8B7A-83BB121AAD01}</UniqueIdentifier>
      <Extensions>rc;ico;cur;bmp;dlg;rc2;rct;bin;rgs;gif;jpg;jpeg;jpe;resx;tiff;tif;png;wav;mfcribbon-ms</Extensions>
    </Filter>
    <Filter Include="Header Files\Maths">
      <UniqueIdentifier>{ec4b5eb8-e1bc-4be1-854b-ac6e9aa47e20}</UniqueIdentifier>
    </Filter>
    <Filter Include="Source Files\Maths">
      <UniqueIdentifier>{b03ec535-56de-47f6-a895-4f9a84ef9161}</UniqueIdentifier>
    </Filter>
    <Filter Include="Header Files\Timer">
      <UniqueIdentifier>{857c05d6-9d85-4e2c-8d96-e1384e106eb8}</UniqueIdentifier>
    </Filter>
    <Filter Include="Source Files\Timer">
      <UniqueIdentifier>{c6ce0beb-090a-4e1d-8197-edb0bd82690a}</UniqueIdentifier>
    </Filter>
    <Filter Include="Header Files\DispList">
      <UniqueIdentifier>{459b429c-7bdf-4c08-a215-a60e32f28fb8}</UniqueIdentifier>
    </Filter>
    <Filter Include="Source Files\DispList">
      <UniqueIdentifier>{07eec849-ad3e-4aea-977d-801c3d42c802}</UniqueIdentifier>
    </Filter>
    <Filter Include="Header Files\Shapes">
      <UniqueIdentifier>{8e154edb-e533-4ccd-87ef-6624cf1e0373}</UniqueIdentifier>
    </Filter>
    <Filter Include="Source Files\Shapes">
      <UniqueIdentifier>{d1d41625-ca9c-4dd3-bfea-d0741226e6fa}</UniqueIdentifier>
    </Filter>
    <Filter Include="Header Files\Skybox">
      <UniqueIdentifier>{324089bf-bafb-4079-bf4a-50f5d990a896}</UniqueIdentifier>
    </Filter>
    <Filter Include="Source Files\Skybox">
      <UniqueIdentifier>{0c879a00-8c95-4b0e-b312-63fef076d751}</UniqueIdentifier>
    </Filter>
    <Filter Include="Header Files\Materials">
      <UniqueIdentifier>{b7be1006-2769-480c-ac57-67bb9fc6593c}</UniqueIdentifier>
    </Filter>
    <Filter Include="Header Files\Materials\Colour">
      <UniqueIdentifier>{20d15076-cfc2-4735-b3b9-947dd44ea619}</UniqueIdentifier>
    </Filter>
    <Filter Include="Header Files\Materials\Light">
      <UniqueIdentifier>{0628c2e1-e533-4165-bad2-6454ff902b22}</UniqueIdentifier>
    </Filter>
    <Filter Include="Header Files\lnfw">
      <UniqueIdentifier>{64eb1884-95cf-466e-b5a7-4722221e783a}</UniqueIdentifier>
    </Filter>
    <Filter Include="Source Files\lnfw">
      <UniqueIdentifier>{4c54b93a-5362-4a43-8e12-be088cf66312}</UniqueIdentifier>
    </Filter>
    <Filter Include="Source Files\Materials">
      <UniqueIdentifier>{deb700b4-2486-4346-a7c2-9b6237385191}</UniqueIdentifier>
    </Filter>
    <Filter Include="Source Files\Materials\Colour">
      <UniqueIdentifier>{d6942625-1923-42c5-b8bb-969e1e8d0847}</UniqueIdentifier>
    </Filter>
    <Filter Include="Source Files\Materials\Light">
      <UniqueIdentifier>{83017f05-739a-4fda-a641-591cfaa14b4e}</UniqueIdentifier>
    </Filter>
    <Filter Include="Header Files\Textures">
      <UniqueIdentifier>{f54a5f11-0c63-4bfc-b60e-0432243258af}</UniqueIdentifier>
    </Filter>
    <Filter Include="Source Files\Textures">
      <UniqueIdentifier>{83c03a51-3750-40a5-8619-2f0ba6cd62e3}</UniqueIdentifier>
    </Filter>
    <Filter Include="Header Files\tools">
      <UniqueIdentifier>{e684ac69-5e1d-4be9-b1e3-a6896f707e1a}</UniqueIdentifier>
    </Filter>
    <Filter Include="Source Files\Tools">
      <UniqueIdentifier>{1af5322d-f50e-471d-9b38-28953b551675}</UniqueIdentifier>
    </Filter>
    <Filter Include="Header Files\Materials\Material">
      <UniqueIdentifier>{e254585a-55c4-4e5d-a6c8-4b835558f9cb}</UniqueIdentifier>
    </Filter>
    <Filter Include="Source Files\Materials\Material">
      <UniqueIdentifier>{591ce50f-1fa4-43b1-a53e-bde17f2e6d82}</UniqueIdentifier>
    </Filter>
    <Filter Include="Header Files\Renderers">
      <UniqueIdentifier>{28b94df2-6d0e-4b3f-80f0-ba22700e138c}</UniqueIdentifier>
    </Filter>
    <Filter Include="Source Files\Renderers">
      <UniqueIdentifier>{5a393e9c-ea86-406c-b8c9-aeb279c9387c}</UniqueIdentifier>
    </Filter>
    <Filter Include="Header Files\Builder">
      <UniqueIdentifier>{1908eac1-dcfc-4cba-aaf3-14bb250326bf}</UniqueIdentifier>
    </Filter>
    <Filter Include="Source Files\Builder">
      <UniqueIdentifier>{36991366-a102-4974-9cf7-4db92a4ee08a}</UniqueIdentifier>
    </Filter>
    <Filter Include="Header Files\Systems">
      <UniqueIdentifier>{d479e43d-b6e8-46ec-bbad-c414ac38267d}</UniqueIdentifier>
    </Filter>
    <Filter Include="Source Files\Systems">
      <UniqueIdentifier>{ef7f6855-ab39-4cfd-a0dd-d75a5b7489d6}</UniqueIdentifier>
    </Filter>
    <Filter Include="Source Files\Systems\Renderer">
      <UniqueIdentifier>{fcb095bb-53d5-4513-b3ab-e2dd3919b6aa}</UniqueIdentifier>
    </Filter>
    <Filter Include="Header Files\Systems\Renderer">
      <UniqueIdentifier>{1da13af1-577c-453c-a707-3fcbe1816f1f}</UniqueIdentifier>
    </Filter>
  </ItemGroup>
  <ItemGroup>
    <ClCompile Include="input.cpp">
      <Filter>Source Files</Filter>
    </ClCompile>
    <ClCompile Include="main.cpp">
      <Filter>Source Files</Filter>
    </ClCompile>
    <ClCompile Include="scene.cpp">
      <Filter>Source Files</Filter>
    </ClCompile>
    <ClCompile Include="timerclass.cpp">
      <Filter>Source Files</Filter>
    </ClCompile>
    <ClCompile Include="window.cpp">
      <Filter>Source Files</Filter>
    </ClCompile>
    <ClCompile Include="camera.cpp">
      <Filter>Source Files</Filter>
    </ClCompile>
    <ClCompile Include="timer\Timer.cpp">
      <Filter>Source Files\Timer</Filter>
    </ClCompile>
    <ClCompile Include="display_list.cpp">
      <Filter>Source Files\DispList</Filter>
    </ClCompile>
    <ClCompile Include="light.cpp">
      <Filter>Source Files\Materials\Light</Filter>
    </ClCompile>
    <ClCompile Include="winapp_colour.cpp">
      <Filter>Source Files\Materials\Colour</Filter>
    </ClCompile>
    <ClCompile Include="lnfw\entities\entity.cpp">
      <Filter>Source Files\lnfw</Filter>
    </ClCompile>
    <ClCompile Include="lnfw\observer\observer_component.cpp">
      <Filter>Source Files\lnfw</Filter>
    </ClCompile>
    <ClCompile Include="lnfw\observer\subject.cpp">
      <Filter>Source Files\lnfw</Filter>
    </ClCompile>
    <ClCompile Include="lnfw\physics\Vector3\Vec3.cpp">
      <Filter>Source Files\Maths</Filter>
    </ClCompile>
    <ClCompile Include="tools\crc.cpp">
      <Filter>Source Files\Tools</Filter>
    </ClCompile>
    <ClCompile Include="texture_comp.cpp">
      <Filter>Source Files\Textures</Filter>
    </ClCompile>
    <ClCompile Include="shape_comp.cpp">
      <Filter>Source Files\Shapes</Filter>
    </ClCompile>
    <ClCompile Include="vertex_renderer_comp.cpp">
      <Filter>Source Files\Renderers</Filter>
    </ClCompile>
    <ClCompile Include="classic_renderer_comp.cpp">
      <Filter>Source Files\Renderers</Filter>
    </ClCompile>
    <ClCompile Include="material_comp.cpp">
      <Filter>Source Files\Materials\Material</Filter>
    </ClCompile>
    <ClCompile Include="rendering_sys.cpp">
      <Filter>Source Files\Systems\Renderer</Filter>
    </ClCompile>
    <ClCompile Include="base_renderer_comp.cpp">
      <Filter>Source Files\Renderers</Filter>
    </ClCompile>
    <ClCompile Include="shapes_factory.cpp">
      <Filter>Source Files\Builder</Filter>
    </ClCompile>
    <ClCompile Include="dlist_renderer_comp.cpp">
      <Filter>Source Files\Renderers</Filter>
    </ClCompile>
  </ItemGroup>
  <ItemGroup>
    <ClInclude Include="input.h">
      <Filter>Header Files</Filter>
    </ClInclude>
    <ClInclude Include="scene.h">
      <Filter>Header Files</Filter>
    </ClInclude>
    <ClInclude Include="timerclass.h">
      <Filter>Header Files</Filter>
    </ClInclude>
    <ClInclude Include="camera.h">
      <Filter>Header Files</Filter>
    </ClInclude>
    <ClInclude Include="window.h">
      <Filter>Source Files</Filter>
    </ClInclude>
    <ClInclude Include="app_globals.h">
      <Filter>Header Files</Filter>
    </ClInclude>
    <ClInclude Include="timer\Timer.h">
      <Filter>Header Files\Timer</Filter>
    </ClInclude>
    <ClInclude Include="display_list.h">
      <Filter>Header Files\DispList</Filter>
    </ClInclude>
    <ClInclude Include="light.h">
      <Filter>Header Files\Materials\Light</Filter>
    </ClInclude>
    <ClInclude Include="winapp_colour.h">
      <Filter>Header Files\Materials\Colour</Filter>
    </ClInclude>
    <ClInclude Include="lnfw\components\component.h">
      <Filter>Header Files\lnfw</Filter>
    </ClInclude>
    <ClInclude Include="lnfw\entities\entity.h">
      <Filter>Header Files\lnfw</Filter>
    </ClInclude>
    <ClInclude Include="lnfw\game_states\gamestate.h">
      <Filter>Header Files\lnfw</Filter>
    </ClInclude>
    <ClInclude Include="lnfw\observer\message.h">
      <Filter>Header Files\lnfw</Filter>
    </ClInclude>
    <ClInclude Include="lnfw\observer\observer_component.h">
      <Filter>Header Files\lnfw</Filter>
    </ClInclude>
    <ClInclude Include="lnfw\observer\subject.h">
      <Filter>Header Files\lnfw</Filter>
    </ClInclude>
    <ClInclude Include="lnfw\systems\system.h">
      <Filter>Header Files\lnfw</Filter>
    </ClInclude>
    <ClInclude Include="lnfw\physics\Vector3\Vec3.h">
      <Filter>Header Files\Maths</Filter>
    </ClInclude>
    <ClInclude Include="tools\crc.h">
      <Filter>Header Files\tools</Filter>
    </ClInclude>
    <ClInclude Include="texture_comp.h">
      <Filter>Header Files\Textures</Filter>
    </ClInclude>
    <ClInclude Include="lnfw\physics\transform.h">
      <Filter>Header Files\lnfw</Filter>
    </ClInclude>
    <ClInclude Include="shape_comp.h">
      <Filter>Header Files\Shapes</Filter>
    </ClInclude>
    <ClInclude Include="classic_renderer_comp.h">
      <Filter>Header Files\Renderers</Filter>
    </ClInclude>
    <ClInclude Include="vertex_renderer_comp.h">
      <Filter>Header Files\Renderers</Filter>
    </ClInclude>
    <ClInclude Include="material_comp.h">
      <Filter>Header Files\Materials\Material</Filter>
    </ClInclude>
    <ClInclude Include="rendering_sys.h">
      <Filter>Header Files\Systems\Renderer</Filter>
    </ClInclude>
    <ClInclude Include="base_renderer_comp.h">
      <Filter>Header Files\Renderers</Filter>
    </ClInclude>
    <ClInclude Include="shapes_factory.h">
      <Filter>Header Files\Builder</Filter>
    </ClInclude>
    <ClInclude Include="dlist_renderer_comp.h">
      <Filter>Header Files\Renderers</Filter>
    </ClInclude>
  </ItemGroup>
  <ItemGroup>
    <None Include="ClassDiagram1.cd" />
  </ItemGroup>
</Project>